
Microsoft Visual Studio Solution File, Format Version 12.00
# Visual Studio Version 16
VisualStudioVersion = 16.0.29806.167
MinimumVisualStudioVersion = 10.0.40219.1
Project("{FAE04EC0-301F-11D3-BF4B-00C04F79EFBC}") = "AgentFinder4", "AgentFinder4\AgentFinder4.csproj", "{41B6118B-9A9C-410B-8AD2-3AECDC270951}"
EndProject
Project("{2150E333-8FDC-42A3-9474-1A3956D46DE8}") = "Solution Items", "Solution Items", "{553C5463-FE45-40EC-97BB-C8DA9253AD1A}"
	ProjectSection(SolutionItems) = preProject
		AgentFinder4\backArrow.bmp = AgentFinder4\backArrow.bmp
		AgentFinder4\nextArrow.bmp = AgentFinder4\nextArrow.bmp
	EndProjectSection
EndProject
Global
	GlobalSection(SolutionConfigurationPlatforms) = preSolution
		Debug|Any CPU = Debug|Any CPU
		Release|Any CPU = Release|Any CPU
	EndGlobalSection
	GlobalSection(ProjectConfigurationPlatforms) = postSolution
		{41B6118B-9A9C-410B-8AD2-3AECDC270951}.Debug|Any CPU.ActiveCfg = Debug|Any CPU
		{41B6118B-9A9C-410B-8AD2-3AECDC270951}.Debug|Any CPU.Build.0 = Debug|Any CPU
		{41B6118B-9A9C-410B-8AD2-3AECDC270951}.Release|Any CPU.ActiveCfg = Release|Any CPU
		{41B6118B-9A9C-410B-8AD2-3AECDC270951}.Release|Any CPU.Build.0 = Release|Any CPU
	EndGlobalSection
	GlobalSection(SolutionProperties) = preSolution
		HideSolutionNode = FALSE
	EndGlobalSection
	GlobalSection(ExtensibilityGlobals) = postSolution
		SolutionGuid = {A3A8E0C6-1F34-4282-9713-52D1E1600D00}
	EndGlobalSection
EndGlobal
